
Microsoft Visual Studio Solution File, Format Version 12.00
# Visual Studio 15
VisualStudioVersion = 15.0.27130.2027
MinimumVisualStudioVersion = 10.0.40219.1
Project("{FAE04EC0-301F-11D3-BF4B-00C04F79EFBC}") = "L01_Intro", "L01_Intro\L01_Intro.csproj", "{07F74C1F-2DCA-4E0B-887E-B7D8CAC4C498}"
EndProject
Global
	GlobalSection(SolutionConfigurationPlatforms) = preSolution
		Debug|Any CPU = Debug|Any CPU
		Release|Any CPU = Release|Any CPU
	EndGlobalSection
	GlobalSection(ProjectConfigurationPlatforms) = postSolution
		{07F74C1F-2DCA-4E0B-887E-B7D8CAC4C498}.Debug|Any CPU.ActiveCfg = Debug|Any CPU
		{07F74C1F-2DCA-4E0B-887E-B7D8CAC4C498}.Debug|Any CPU.Build.0 = Debug|Any CPU
		{07F74C1F-2DCA-4E0B-887E-B7D8CAC4C498}.Release|Any CPU.ActiveCfg = Release|Any CPU
		{07F74C1F-2DCA-4E0B-887E-B7D8CAC4C498}.Release|Any CPU.Build.0 = Release|Any CPU
	EndGlobalSection
	GlobalSection(SolutionProperties) = preSolution
		HideSolutionNode = FALSE
	EndGlobalSection
	GlobalSection(ExtensibilityGlobals) = postSolution
		SolutionGuid = {62A4C5A6-3754-49BA-AD39-EFD3D9A6500C}
	EndGlobalSection
EndGlobal
